// !$*UTF8*$!
{
	archiveVersion = 1;
	classes = {
	};
	objectVersion = 48;
	objects = {

/* Begin PBXBuildFile section */
		D1BC268B1FF1943000B3E6B2 /* AppDelegate.swift in Sources */ = {isa = PBXBuildFile; fileRef = D1BC268A1FF1943000B3E6B2 /* AppDelegate.swift */; };
		D1BC268D1FF1943000B3E6B2 /* MasterViewController.swift in Sources */ = {isa = PBXBuildFile; fileRef = D1BC268C1FF1943000B3E6B2 /* MasterViewController.swift */; };
		D1BC268F1FF1943000B3E6B2 /* DetailViewController.swift in Sources */ = {isa = PBXBuildFile; fileRef = D1BC268E1FF1943000B3E6B2 /* DetailViewController.swift */; };
		D1BC26921FF1943000B3E6B2 /* Main.storyboard in Resources */ = {isa = PBXBuildFile; fileRef = D1BC26901FF1943000B3E6B2 /* Main.storyboard */; };
		D1BC26941FF1943000B3E6B2 /* Assets.xcassets in Resources */ = {isa = PBXBuildFile; fileRef = D1BC26931FF1943000B3E6B2 /* Assets.xcassets */; };
		D1BC26971FF1943000B3E6B2 /* LaunchScreen.storyboard in Resources */ = {isa = PBXBuildFile; fileRef = D1BC26951FF1943000B3E6B2 /* LaunchScreen.storyboard */; };
/* End PBXBuildFile section */

/* Begin PBXFileReference section */
		D1BC26871FF1943000B3E6B2 /* STCv2.app */ = {isa = PBXFileReference; explicitFileType = wrapper.application; includeInIndex = 0; path = STCv2.app; sourceTree = BUILT_PRODUCTS_DIR; };
		D1BC268A1FF1943000B3E6B2 /* AppDelegate.swift */ = {isa = PBXFileReference; lastKnownFileType = sourcecode.swift; path = AppDelegate.swift; sourceTree = "<group>"; };
		D1BC268C1FF1943000B3E6B2 /* MasterViewController.swift */ = {isa = PBXFileReference; lastKnownFileType = sourcecode.swift; path = MasterViewController.swift; sourceTree = "<group>"; };
		D1BC268E1FF1943000B3E6B2 /* DetailViewController.swift */ = {isa = PBXFileReference; lastKnownFileType = sourcecode.swift; path = DetailViewController.swift; sourceTree = "<group>"; };
		D1BC26911FF1943000B3E6B2 /* Base */ = {isa = PBXFileReference; lastKnownFileType = file.storyboard; name = Base; path = Base.lproj/Main.storyboard; sourceTree = "<group>"; };
		D1BC26931FF1943000B3E6B2 /* Assets.xcassets */ = {isa = PBXFileReference; lastKnownFileType = folder.assetcatalog; path = Assets.xcassets; sourceTree = "<group>"; };
		D1BC26961FF1943000B3E6B2 /* Base */ = {isa = PBXFileReference; lastKnownFileType = file.storyboard; name = Base; path = Base.lproj/LaunchScreen.storyboard; sourceTree = "<group>"; };
		D1BC26981FF1943000B3E6B2 /* Info.plist */ = {isa = PBXFileReference; lastKnownFileType = text.plist.xml; path = Info.plist; sourceTree = "<group>"; };
/* End PBXFileReference section */

/* Begin PBXFrameworksBuildPhase section */
		D1BC26841FF1943000B3E6B2 /* Frameworks */ = {
			isa = PBXFrameworksBuildPhase;
			buildActionMask = 2147483647;
			files = (
			);
			runOnlyForDeploymentPostprocessing = 0;
		};
/* End PBXFrameworksBuildPhase section */

/* Begin PBXGroup section */
		D1BC267E1FF1943000B3E6B2 = {
			isa = PBXGroup;
			children = (
				D1BC26891FF1943000B3E6B2 /* STCv2 */,
				D1BC26881FF1943000B3E6B2 /* Products */,
			);
			sourceTree = "<group>";
		};
		D1BC26881FF1943000B3E6B2 /* Products */ = {
			isa = PBXGroup;
			children = (
				D1BC26871FF1943000B3E6B2 /* STCv2.app */,
			);
			name = Products;
			sourceTree = "<group>";
		};
		D1BC26891FF1943000B3E6B2 /* STCv2 */ = {
			isa = PBXGroup;
			children = (
				D1BC268A1FF1943000B3E6B2 /* AppDelegate.swift */,
				D1BC268C1FF1943000B3E6B2 /* MasterViewController.swift */,
				D1BC268E1FF1943000B3E6B2 /* DetailViewController.swift */,
				D1BC26901FF1943000B3E6B2 /* Main.storyboard */,
				D1BC26931FF1943000B3E6B2 /* Assets.xcassets */,
				D1BC26951FF1943000B3E6B2 /* LaunchScreen.storyboard */,
				D1BC26981FF1943000B3E6B2 /* Info.plist */,
			);
			path = STCv2;
			sourceTree = "<group>";
		};
/* End PBXGroup section */

/* Begin PBXNativeTarget section */
		D1BC26861FF1943000B3E6B2 /* STCv2 */ = {
			isa = PBXNativeTarget;
			buildConfigurationList = D1BC269B1FF1943000B3E6B2 /* Build configuration list for PBXNativeTarget "STCv2" */;
			buildPhases = (
				D1BC26831FF1943000B3E6B2 /* Sources */,
				D1BC26841FF1943000B3E6B2 /* Frameworks */,
				D1BC26851FF1943000B3E6B2 /* Resources */,
			);
			buildRules = (
			);
			dependencies = (
			);
			name = STCv2;
			productName = STCv2;
			productReference = D1BC26871FF1943000B3E6B2 /* STCv2.app */;
			productType = "com.apple.product-type.application";
		};
/* End PBXNativeTarget section */

/* Begin PBXProject section */
		D1BC267F1FF1943000B3E6B2 /* Project object */ = {
			isa = PBXProject;
			attributes = {
				LastSwiftUpdateCheck = 0920;
				LastUpgradeCheck = 0920;
				ORGANIZATIONNAME = "Abdullah Alhazmi";
				TargetAttributes = {
					D1BC26861FF1943000B3E6B2 = {
						CreatedOnToolsVersion = 9.2;
						ProvisioningStyle = Automatic;
					};
				};
			};
			buildConfigurationList = D1BC26821FF1943000B3E6B2 /* Build configuration list for PBXProject "STCv2" */;
			compatibilityVersion = "Xcode 8.0";
			developmentRegion = en;
			hasScannedForEncodings = 0;
			knownRegions = (
				en,
				Base,
			);
			mainGroup = D1BC267E1FF1943000B3E6B2;
			productRefGroup = D1BC26881FF1943000B3E6B2 /* Products */;
			projectDirPath = "";
			projectRoot = "";
			targets = (
				D1BC26861FF1943000B3E6B2 /* STCv2 */,
			);
		};
/* End PBXProject section */

/* Begin PBXResourcesBuildPhase section */
		D1BC26851FF1943000B3E6B2 /* Resources */ = {
			isa = PBXResourcesBuildPhase;
			buildActionMask = 2147483647;
			files = (
				D1BC26971FF1943000B3E6B2 /* LaunchScreen.storyboard in Resources */,
				D1BC26941FF1943000B3E6B2 /* Assets.xcassets in Resources */,
				D1BC26921FF1943000B3E6B2 /* Main.storyboard in Resources */,
			);
			runOnlyForDeploymentPostprocessing = 0;
		};
/* End PBXResourcesBuildPhase section */

/* Begin PBXSourcesBuildPhase section */
		D1BC26831FF1943000B3E6B2 /* Sources */ = {
			isa = PBXSourcesBuildPhase;
			buildActionMask = 2147483647;
			files = (
				D1BC268F1FF1943000B3E6B2 /* DetailViewController.swift in Sources */,
				D1BC268D1FF1943000B3E6B2 /* MasterViewController.swift in Sources */,
				D1BC268B1FF1943000B3E6B2 /* AppDelegate.swift in Sources */,
			);
			runOnlyForDeploymentPostprocessing = 0;
		};
/* End PBXSourcesBuildPhase section */

/* Begin PBXVariantGroup section */
		D1BC26901FF1943000B3E6B2 /* Main.storyboard */ = {
			isa = PBXVariantGroup;
			children = (
				D1BC26911FF1943000B3E6B2 /* Base */,
			);
			name = Main.storyboard;
			sourceTree = "<group>";
		};
		D1BC26951FF1943000B3E6B2 /* LaunchScreen.storyboard */ = {
			isa = PBXVariantGroup;
			children = (
				D1BC26961FF1943000B3E6B2 /* Base */,
			);
			name = LaunchScreen.storyboard;
			sourceTree = "<group>";
		};
/* End PBXVariantGroup section */

/* Begin XCBuildConfiguration section */
		D1BC26991FF1943000B3E6B2 /* Debug */ = {
			isa = XCBuildConfiguration;
			buildSettings = {
				ALWAYS_SEARCH_USER_PATHS = NO;
				CLANG_ANALYZER_NONNULL = YES;
				CLANG_ANALYZER_NUMBER_OBJECT_CONVERSION = YES_AGGRESSIVE;
				CLANG_CXX_LANGUAGE_STANDARD = "gnu++14";
				CLANG_CXX_LIBRARY = "libc++";
				CLANG_ENABLE_MODULES = YES;
				CLANG_ENABLE_OBJC_ARC = YES;
				CLANG_WARN_BLOCK_CAPTURE_AUTORELEASING = YES;
				CLANG_WARN_BOOL_CONVERSION = YES;
				CLANG_WARN_COMMA = YES;
				CLANG_WARN_CONSTANT_CONVERSION = YES;
				CLANG_WARN_DIRECT_OBJC_ISA_USAGE = YES_ERROR;
				CLANG_WARN_DOCUMENTATION_COMMENTS = YES;
				CLANG_WARN_EMPTY_BODY = YES;
				CLANG_WARN_ENUM_CONVERSION = YES;
				CLANG_WARN_INFINITE_RECURSION = YES;
				CLANG_WARN_INT_CONVERSION = YES;
				CLANG_WARN_NON_LITERAL_NULL_CONVERSION = YES;
				CLANG_WARN_OBJC_LITERAL_CONVERSION = YES;
				CLANG_WARN_OBJC_ROOT_CLASS = YES_ERROR;
				CLANG_WARN_RANGE_LOOP_ANALYSIS = YES;
				CLANG_WARN_STRICT_PROTOTYPES = YES;
				CLANG_WARN_SUSPICIOUS_MOVE = YES;
				CLANG_WARN_UNGUARDED_AVAILABILITY = YES_AGGRESSIVE;
				CLANG_WARN_UNREACHABLE_CODE = YES;
				CLANG_WARN__DUPLICATE_METHOD_MATCH = YES;
				CODE_SIGN_IDENTITY = "iPhone Developer";
				COPY_PHASE_STRIP = NO;
				DEBUG_INFORMATION_FORMAT = dwarf;
				ENABLE_STRICT_OBJC_MSGSEND = YES;
				ENABLE_TESTABILITY = YES;
				GCC_C_LANGUAGE_STANDARD = gnu11;
				GCC_DYNAMIC_NO_PIC = NO;
				GCC_NO_COMMON_BLOCKS = YES;
				GCC_OPTIMIZATION_LEVEL = 0;
				GCC_PREPROCESSOR_DEFINITIONS = (
					"DEBUG=1",
					"$(inherited)",
				);
				GCC_WARN_64_TO_32_BIT_CONVERSION = YES;
				GCC_WARN_ABOUT_RETURN_TYPE = YES_ERROR;
				GCC_WARN_UNDECLARED_SELECTOR = YES;
				GCC_WARN_UNINITIALIZED_AUTOS = YES_AGGRESSIVE;
				GCC_WARN_UNUSED_FUNCTION = YES;
				GCC_WARN_UNUSED_VARIABLE = YES;
				IPHONEOS_DEPLOYMENT_TARGET = 11.2;
				MTL_ENABLE_DEBUG_INFO = YES;
				ONLY_ACTIVE_ARCH = YES;
				SDKROOT = iphoneos;
				SWIFT_ACTIVE_COMPILATION_CONDITIONS = DEBUG;
				SWIFT_OPTIMIZATION_LEVEL = "-Onone";
			};
			name = Debug;
		};
		D1BC269A1FF1943000B3E6B2 /* Release */ = {
			isa = XCBuildConfiguration;
			buildSettings = {
				ALWAYS_SEARCH_USER_PATHS = NO;
				CLANG_ANALYZER_NONNULL = YES;
				CLANG_ANALYZER_NUMBER_OBJECT_CONVERSION = YES_AGGRESSIVE;
				CLANG_CXX_LANGUAGE_STANDARD = "gnu++14";
				CLANG_CXX_LIBRARY = "libc++";
				CLANG_ENABLE_MODULES = YES;
				CLANG_ENABLE_OBJC_ARC = YES;
				CLANG_WARN_BLOCK_CAPTURE_AUTORELEASING = YES;
				CLANG_WARN_BOOL_CONVERSION = YES;
				CLANG_WARN_COMMA = YES;
				CLANG_WARN_CONSTANT_CONVERSION = YES;
				CLANG_WARN_DIRECT_OBJC_ISA_USAGE = YES_ERROR;
				CLANG_WARN_DOCUMENTATION_COMMENTS = YES;
				CLANG_WARN_EMPTY_BODY = YES;
				CLANG_WARN_ENUM_CONVERSION = YES;
				CLANG_WARN_INFINITE_RECURSION = YES;
				CLANG_WARN_INT_CONVERSION = YES;
				CLANG_WARN_NON_LITERAL_NULL_CONVERSION = YES;
				CLANG_WARN_OBJC_LITERAL_CONVERSION = YES;
				CLANG_WARN_OBJC_ROOT_CLASS = YES_ERROR;
				CLANG_WARN_RANGE_LOOP_ANALYSIS = YES;
				CLANG_WARN_STRICT_PROTOTYPES = YES;
				CLANG_WARN_SUSPICIOUS_MOVE = YES;
				CLANG_WARN_UNGUARDED_AVAILABILITY = YES_AGGRESSIVE;
				CLANG_WARN_UNREACHABLE_CODE = YES;
				CLANG_WARN__DUPLICATE_METHOD_MATCH = YES;
				CODE_SIGN_IDENTITY = "iPhone Developer";
				COPY_PHASE_STRIP = NO;
				DEBUG_INFORMATION_FORMAT = "dwarf-with-dsym";
				ENABLE_NS_ASSERTIONS = NO;
				ENABLE_STRICT_OBJC_MSGSEND = YES;
				GCC_C_LANGUAGE_STANDARD = gnu11;
				GCC_NO_COMMON_BLOCKS = YES;
				GCC_WARN_64_TO_32_BIT_CONVERSION = YES;
				GCC_WARN_ABOUT_RETURN_TYPE = YES_ERROR;
				GCC_WARN_UNDECLARED_SELECTOR = YES;
				GCC_WARN_UNINITIALIZED_AUTOS = YES_AGGRESSIVE;
				GCC_WARN_UNUSED_FUNCTION = YES;
				GCC_WARN_UNUSED_VARIABLE = YES;
				IPHONEOS_DEPLOYMENT_TARGET = 11.2;
				MTL_ENABLE_DEBUG_INFO = NO;
				SDKROOT = iphoneos;
				SWIFT_OPTIMIZATION_LEVEL = "-Owholemodule";
				VALIDATE_PRODUCT = YES;
			};
			name = Release;
		};
		D1BC269C1FF1943000B3E6B2 /* Debug */ = {
			isa = XCBuildConfiguration;
			buildSettings = {
				ASSETCATALOG_COMPILER_APPICON_NAME = AppIcon;
				CODE_SIGN_STYLE = Automatic;
				INFOPLIST_FILE = STCv2/Info.plist;
				LD_RUNPATH_SEARCH_PATHS = "$(inherited) @executable_path/Frameworks";
				PRODUCT_BUNDLE_IDENTIFIER = STCV2.STCv2;
				PRODUCT_NAME = "$(TARGET_NAME)";
				SWIFT_VERSION = 4.0;
				TARGETED_DEVICE_FAMILY = "1,2";
			};
			name = Debug;
		};
		D1BC269D1FF1943000B3E6B2 /* Release */ = {
			isa = XCBuildConfiguration;
			buildSettings = {
				ASSETCATALOG_COMPILER_APPICON_NAME = AppIcon;
				CODE_SIGN_STYLE = Automatic;
				INFOPLIST_FILE = STCv2/Info.plist;
				LD_RUNPATH_SEARCH_PATHS = "$(inherited) @executable_path/Frameworks";
				PRODUCT_BUNDLE_IDENTIFIER = STCV2.STCv2;
				PRODUCT_NAME = "$(TARGET_NAME)";
				SWIFT_VERSION = 4.0;
				TARGETED_DEVICE_FAMILY = "1,2";
			};
			name = Release;
		};
/* End XCBuildConfiguration section */

/* Begin XCConfigurationList section */
		D1BC26821FF1943000B3E6B2 /* Build configuration list for PBXProject "STCv2" */ = {
			isa = XCConfigurationList;
			buildConfigurations = (
				D1BC26991FF1943000B3E6B2 /* Debug */,
				D1BC269A1FF1943000B3E6B2 /* Release */,
			);
			defaultConfigurationIsVisible = 0;
			defaultConfigurationName = Release;
		};
		D1BC269B1FF1943000B3E6B2 /* Build configuration list for PBXNativeTarget "STCv2" */ = {
			isa = XCConfigurationList;
			buildConfigurations = (
				D1BC269C1FF1943000B3E6B2 /* Debug */,
				D1BC269D1FF1943000B3E6B2 /* Release */,
			);
			defaultConfigurationIsVisible = 0;
			defaultConfigurationName = Release;
		};
/* End XCConfigurationList section */
	};
	rootObject = D1BC267F1FF1943000B3E6B2 /* Project object */;
}
